github.com/FishGoddess/vex v0.1.3 h1:Zi7V4A0Yz6eMIyQwQZjPGsH+vaF05DaHDrtJ7S5epKE=
github.com/FishGoddess/vex v0.1.3/go.mod h1:e55NI66M4bTjBTOoi8DW4tFr6Q6FrbkIDaP2QtyUUN8=
stathat.com/c/consistent v1.0.0 h1:ezyc51EGcRPJUxfHGSgJjWzJdj3NiMU9pNfLNGiXV0c=
stathat.com/c/consistent v1.0.0/go.mod h1:QkzMWzcbB+yQBL2AttO6sgsQS/JSTapcDISJalmCDS0=
